
Microsoft Visual Studio Solution File, Format Version 12.00
# Visual Studio 2012
Project("{FAE04EC0-301F-11D3-BF4B-00C04F79EFBC}") = "SquirrelDb", "SquirrelDb\SquirrelDb.csproj", "{F890BB08-47D2-43F4-849F-ECFBBB765BC5}"
EndProject
Project("{FAE04EC0-301F-11D3-BF4B-00C04F79EFBC}") = "SquirrelDb.Utility", "SquirrelDb.Utility\SquirrelDb.Utility.csproj", "{B05D04BA-5ADB-4A42-AF08-B5A94EBEC9A0}"
EndProject
Project("{FAE04EC0-301F-11D3-BF4B-00C04F79EFBC}") = "SquirrelDb.Test", "SquirrelDb.Test\SquirrelDb.Test.csproj", "{3E912B47-C78A-41F4-AA49-9AA3A2DF18FD}"
EndProject
Project("{FAE04EC0-301F-11D3-BF4B-00C04F79EFBC}") = "SquirrelDb.Utility.Test", "SquirrelDb.Utility.Test\SquirrelDb.Utility.Test.csproj", "{80398E61-C07D-4B87-9A6C-78857E773746}"
EndProject
Project("{FAE04EC0-301F-11D3-BF4B-00C04F79EFBC}") = "SquirrelDb.Client", "SquirrelDb.Client\SquirrelDb.Client.csproj", "{DC807308-2B20-4982-BC5D-A35C7E58ECBE}"
EndProject
Project("{FAE04EC0-301F-11D3-BF4B-00C04F79EFBC}") = "SquirrelDb.Client.Test", "SquirrelDb.Client.Test\SquirrelDb.Client.Test.csproj", "{00C7469D-6AC7-4E1E-A6DF-130F24EDE98C}"
EndProject
Project("{FAE04EC0-301F-11D3-BF4B-00C04F79EFBC}") = "SquirrelDb.MocServer", "SquirrelDb.MocServer\SquirrelDb.MocServer.csproj", "{67498487-5386-44F8-9ACE-2A5790B2E999}"
EndProject
Project("{FAE04EC0-301F-11D3-BF4B-00C04F79EFBC}") = "SquirrelDb.Client.Console", "SquirrelDb.Client.Console\SquirrelDb.Client.Console.csproj", "{22C71B04-3AA8-4031-B3A1-5607426C2BDF}"
EndProject
Project("{FAE04EC0-301F-11D3-BF4B-00C04F79EFBC}") = "SquirrelDb.Interfaces", "SquirrelDb.Interfaces\SquirrelDb.Interfaces.csproj", "{FF2DDBCD-AC47-43C0-8753-DEE217452C57}"
EndProject
Global
	GlobalSection(SolutionConfigurationPlatforms) = preSolution
		Debug|Any CPU = Debug|Any CPU
		Release|Any CPU = Release|Any CPU
	EndGlobalSection
	GlobalSection(ProjectConfigurationPlatforms) = postSolution
		{F890BB08-47D2-43F4-849F-ECFBBB765BC5}.Debug|Any CPU.ActiveCfg = Debug|Any CPU
		{F890BB08-47D2-43F4-849F-ECFBBB765BC5}.Debug|Any CPU.Build.0 = Debug|Any CPU
		{F890BB08-47D2-43F4-849F-ECFBBB765BC5}.Release|Any CPU.ActiveCfg = Release|Any CPU
		{F890BB08-47D2-43F4-849F-ECFBBB765BC5}.Release|Any CPU.Build.0 = Release|Any CPU
		{B05D04BA-5ADB-4A42-AF08-B5A94EBEC9A0}.Debug|Any CPU.ActiveCfg = Debug|Any CPU
		{B05D04BA-5ADB-4A42-AF08-B5A94EBEC9A0}.Debug|Any CPU.Build.0 = Debug|Any CPU
		{B05D04BA-5ADB-4A42-AF08-B5A94EBEC9A0}.Release|Any CPU.ActiveCfg = Release|Any CPU
		{B05D04BA-5ADB-4A42-AF08-B5A94EBEC9A0}.Release|Any CPU.Build.0 = Release|Any CPU
		{3E912B47-C78A-41F4-AA49-9AA3A2DF18FD}.Debug|Any CPU.ActiveCfg = Debug|Any CPU
		{3E912B47-C78A-41F4-AA49-9AA3A2DF18FD}.Debug|Any CPU.Build.0 = Debug|Any CPU
		{3E912B47-C78A-41F4-AA49-9AA3A2DF18FD}.Release|Any CPU.ActiveCfg = Release|Any CPU
		{3E912B47-C78A-41F4-AA49-9AA3A2DF18FD}.Release|Any CPU.Build.0 = Release|Any CPU
		{80398E61-C07D-4B87-9A6C-78857E773746}.Debug|Any CPU.ActiveCfg = Debug|Any CPU
		{80398E61-C07D-4B87-9A6C-78857E773746}.Debug|Any CPU.Build.0 = Debug|Any CPU
		{80398E61-C07D-4B87-9A6C-78857E773746}.Release|Any CPU.ActiveCfg = Release|Any CPU
		{80398E61-C07D-4B87-9A6C-78857E773746}.Release|Any CPU.Build.0 = Release|Any CPU
		{DC807308-2B20-4982-BC5D-A35C7E58ECBE}.Debug|Any CPU.ActiveCfg = Debug|Any CPU
		{DC807308-2B20-4982-BC5D-A35C7E58ECBE}.Debug|Any CPU.Build.0 = Debug|Any CPU
		{DC807308-2B20-4982-BC5D-A35C7E58ECBE}.Release|Any CPU.ActiveCfg = Release|Any CPU
		{DC807308-2B20-4982-BC5D-A35C7E58ECBE}.Release|Any CPU.Build.0 = Release|Any CPU
		{00C7469D-6AC7-4E1E-A6DF-130F24EDE98C}.Debug|Any CPU.ActiveCfg = Debug|Any CPU
		{00C7469D-6AC7-4E1E-A6DF-130F24EDE98C}.Debug|Any CPU.Build.0 = Debug|Any CPU
		{00C7469D-6AC7-4E1E-A6DF-130F24EDE98C}.Release|Any CPU.ActiveCfg = Release|Any CPU
		{00C7469D-6AC7-4E1E-A6DF-130F24EDE98C}.Release|Any CPU.Build.0 = Release|Any CPU
		{67498487-5386-44F8-9ACE-2A5790B2E999}.Debug|Any CPU.ActiveCfg = Debug|Any CPU
		{67498487-5386-44F8-9ACE-2A5790B2E999}.Debug|Any CPU.Build.0 = Debug|Any CPU
		{67498487-5386-44F8-9ACE-2A5790B2E999}.Release|Any CPU.ActiveCfg = Release|Any CPU
		{67498487-5386-44F8-9ACE-2A5790B2E999}.Release|Any CPU.Build.0 = Release|Any CPU
		{22C71B04-3AA8-4031-B3A1-5607426C2BDF}.Debug|Any CPU.ActiveCfg = Debug|Any CPU
		{22C71B04-3AA8-4031-B3A1-5607426C2BDF}.Debug|Any CPU.Build.0 = Debug|Any CPU
		{22C71B04-3AA8-4031-B3A1-5607426C2BDF}.Release|Any CPU.ActiveCfg = Release|Any CPU
		{22C71B04-3AA8-4031-B3A1-5607426C2BDF}.Release|Any CPU.Build.0 = Release|Any CPU
		{FF2DDBCD-AC47-43C0-8753-DEE217452C57}.Debug|Any CPU.ActiveCfg = Debug|Any CPU
		{FF2DDBCD-AC47-43C0-8753-DEE217452C57}.Debug|Any CPU.Build.0 = Debug|Any CPU
		{FF2DDBCD-AC47-43C0-8753-DEE217452C57}.Release|Any CPU.ActiveCfg = Release|Any CPU
		{FF2DDBCD-AC47-43C0-8753-DEE217452C57}.Release|Any CPU.Build.0 = Release|Any CPU
	EndGlobalSection
	GlobalSection(SolutionProperties) = preSolution
		HideSolutionNode = FALSE
	EndGlobalSection
EndGlobal
