
Microsoft Visual Studio Solution File, Format Version 12.00
# Visual Studio 2012
Project("{FAE04EC0-301F-11D3-BF4B-00C04F79EFBC}") = "SquirrelDb", "SquirrelDb\SquirrelDb.csproj", "{F890BB08-47D2-43F4-849F-ECFBBB765BC5}"
EndProject
Project("{FAE04EC0-301F-11D3-BF4B-00C04F79EFBC}") = "SquirrelDb.Utility", "SquirrelDb.Utility\SquirrelDb.Utility.csproj", "{B05D04BA-5ADB-4A42-AF08-B5A94EBEC9A0}"
EndProject
Project("{FAE04EC0-301F-11D3-BF4B-00C04F79EFBC}") = "SquirrelDb.Test", "SquirrelDb.Test\SquirrelDb.Test.csproj", "{3E912B47-C78A-41F4-AA49-9AA3A2DF18FD}"
EndProject
Project("{FAE04EC0-301F-11D3-BF4B-00C04F79EFBC}") = "SquirrelDb.Utility.Test", "SquirrelDb.Utility.Test\SquirrelDb.Utility.Test.csproj", "{80398E61-C07D-4B87-9A6C-78857E773746}"
EndProject
Global
	GlobalSection(SolutionConfigurationPlatforms) = preSolution
		Debug|Any CPU = Debug|Any CPU
		Release|Any CPU = Release|Any CPU
	EndGlobalSection
	GlobalSection(ProjectConfigurationPlatforms) = postSolution
		{F890BB08-47D2-43F4-849F-ECFBBB765BC5}.Debug|Any CPU.ActiveCfg = Debug|Any CPU
		{F890BB08-47D2-43F4-849F-ECFBBB765BC5}.Debug|Any CPU.Build.0 = Debug|Any CPU
		{F890BB08-47D2-43F4-849F-ECFBBB765BC5}.Release|Any CPU.ActiveCfg = Release|Any CPU
		{F890BB08-47D2-43F4-849F-ECFBBB765BC5}.Release|Any CPU.Build.0 = Release|Any CPU
		{B05D04BA-5ADB-4A42-AF08-B5A94EBEC9A0}.Debug|Any CPU.ActiveCfg = Debug|Any CPU
		{B05D04BA-5ADB-4A42-AF08-B5A94EBEC9A0}.Debug|Any CPU.Build.0 = Debug|Any CPU
		{B05D04BA-5ADB-4A42-AF08-B5A94EBEC9A0}.Release|Any CPU.ActiveCfg = Release|Any CPU
		{B05D04BA-5ADB-4A42-AF08-B5A94EBEC9A0}.Release|Any CPU.Build.0 = Release|Any CPU
		{3E912B47-C78A-41F4-AA49-9AA3A2DF18FD}.Debug|Any CPU.ActiveCfg = Debug|Any CPU
		{3E912B47-C78A-41F4-AA49-9AA3A2DF18FD}.Debug|Any CPU.Build.0 = Debug|Any CPU
		{3E912B47-C78A-41F4-AA49-9AA3A2DF18FD}.Release|Any CPU.ActiveCfg = Release|Any CPU
		{3E912B47-C78A-41F4-AA49-9AA3A2DF18FD}.Release|Any CPU.Build.0 = Release|Any CPU
		{80398E61-C07D-4B87-9A6C-78857E773746}.Debug|Any CPU.ActiveCfg = Debug|Any CPU
		{80398E61-C07D-4B87-9A6C-78857E773746}.Debug|Any CPU.Build.0 = Debug|Any CPU
		{80398E61-C07D-4B87-9A6C-78857E773746}.Release|Any CPU.ActiveCfg = Release|Any CPU
		{80398E61-C07D-4B87-9A6C-78857E773746}.Release|Any CPU.Build.0 = Release|Any CPU
	EndGlobalSection
	GlobalSection(SolutionProperties) = preSolution
		HideSolutionNode = FALSE
	EndGlobalSection
EndGlobal
